<?xml version="1.0" encoding="utf-8"?>
<Project ToolsVersion="4.0" xmlns="http://schemas.microsoft.com/developer/msbuild/2003">
  <ItemGroup>
    <Filter Include="RTCP">
      <UniqueIdentifier>{5a936772-0357-4d7a-bcf9-7c834afaa0c7}</UniqueIdentifier>
    </Filter>
    <Filter Include="RTP">
      <UniqueIdentifier>{62eb792f-ba46-459a-97de-ccd222625420}</UniqueIdentifier>
    </Filter>
    <Filter Include="RTSP">
      <UniqueIdentifier>{ab8c8e4c-3286-4c3c-875c-8a05e5dabc90}</UniqueIdentifier>
    </Filter>
  </ItemGroup>
  <ItemGroup>
    <ClCompile Include="RTCP\BasicHashTable.cpp">
      <Filter>RTCP</Filter>
    </ClCompile>
    <ClCompile Include="RTCP\HashTable.cpp">
      <Filter>RTCP</Filter>
    </ClCompile>
    <ClCompile Include="RTCP\OutPacketBuffer.cpp">
      <Filter>RTCP</Filter>
    </ClCompile>
    <ClCompile Include="RTCP\RTCP.cpp">
      <Filter>RTCP</Filter>
    </ClCompile>
    <ClCompile Include="RTCP\rtcp_from_spec.c">
      <Filter>RTCP</Filter>
    </ClCompile>
    <ClCompile Include="RTCP\RTCPInstance.cpp">
      <Filter>RTCP</Filter>
    </ClCompile>
    <ClCompile Include="RTP\AC3RTPSource.cpp">
      <Filter>RTP</Filter>
    </ClCompile>
    <ClCompile Include="RTP\H264RTPSource.cpp">
      <Filter>RTP</Filter>
    </ClCompile>
    <ClCompile Include="RTP\H265RTPSource.cpp">
      <Filter>RTP</Filter>
    </ClCompile>
    <ClCompile Include="RTP\JPEGRTPSource.cpp">
      <Filter>RTP</Filter>
    </ClCompile>
    <ClCompile Include="RTP\MPEG4ESRTPSource.cpp">
      <Filter>RTP</Filter>
    </ClCompile>
    <ClCompile Include="RTP\MPEG4GenericRTPSource.cpp">
      <Filter>RTP</Filter>
    </ClCompile>
    <ClCompile Include="RTP\RTPPacketBuffer.cpp">
      <Filter>RTP</Filter>
    </ClCompile>
    <ClCompile Include="RTP\RTPSource.cpp">
      <Filter>RTP</Filter>
    </ClCompile>
    <ClCompile Include="RTSP\MediaSession.cpp">
      <Filter>RTSP</Filter>
    </ClCompile>
    <ClCompile Include="RTSP\RTSPClient.cpp">
      <Filter>RTSP</Filter>
    </ClCompile>
  </ItemGroup>
  <ItemGroup>
    <ClInclude Include="RTCP\BasicHashTable.hh">
      <Filter>RTCP</Filter>
    </ClInclude>
    <ClInclude Include="RTCP\HashTable.hh">
      <Filter>RTCP</Filter>
    </ClInclude>
    <ClInclude Include="RTCP\OutPacketBuffer.h">
      <Filter>RTCP</Filter>
    </ClInclude>
    <ClInclude Include="RTCP\RTCP.h">
      <Filter>RTCP</Filter>
    </ClInclude>
    <ClInclude Include="RTCP\rtcp_from_spec.h">
      <Filter>RTCP</Filter>
    </ClInclude>
    <ClInclude Include="RTCP\RTCPInstance.h">
      <Filter>RTCP</Filter>
    </ClInclude>
    <ClInclude Include="RTP\AC3RTPSource.h">
      <Filter>RTP</Filter>
    </ClInclude>
    <ClInclude Include="RTP\H264RTPSource.h">
      <Filter>RTP</Filter>
    </ClInclude>
    <ClInclude Include="RTP\H265RTPSource.h">
      <Filter>RTP</Filter>
    </ClInclude>
    <ClInclude Include="RTP\JPEGRTPSource.h">
      <Filter>RTP</Filter>
    </ClInclude>
    <ClInclude Include="RTP\MPEG4ESRTPSource.h">
      <Filter>RTP</Filter>
    </ClInclude>
    <ClInclude Include="RTP\MPEG4GenericRTPSource.h">
      <Filter>RTP</Filter>
    </ClInclude>
    <ClInclude Include="RTP\RTPPacketBuffer.h">
      <Filter>RTP</Filter>
    </ClInclude>
    <ClInclude Include="RTP\RTPSource.h">
      <Filter>RTP</Filter>
    </ClInclude>
    <ClInclude Include="RTSP\MediaSession.h">
      <Filter>RTSP</Filter>
    </ClInclude>
    <ClInclude Include="RTSP\RTSPClient.h">
      <Filter>RTSP</Filter>
    </ClInclude>
  </ItemGroup>
</Project>