<?xml version="1.0" encoding="utf-8"?>
<Project ToolsVersion="4.0" xmlns="http://schemas.microsoft.com/developer/msbuild/2003">
  <ItemGroup>
    <Filter Include="Common">
      <UniqueIdentifier>{bc187bd5-e571-44b4-a943-386bc33fb10a}</UniqueIdentifier>
    </Filter>
    <Filter Include="Util">
      <UniqueIdentifier>{80f66236-1f76-44cc-b0c0-6c48aeaac7f5}</UniqueIdentifier>
    </Filter>
    <Filter Include="Sock">
      <UniqueIdentifier>{1bbb92a7-1e28-4eb1-bd60-7231a5d76ea6}</UniqueIdentifier>
    </Filter>
    <Filter Include="RTSP">
      <UniqueIdentifier>{3b71cc6e-667d-4944-a3e8-219f029496cc}</UniqueIdentifier>
    </Filter>
    <Filter Include="OS_Common">
      <UniqueIdentifier>{f75c836c-d62e-491a-8cbd-7ee57d74988f}</UniqueIdentifier>
    </Filter>
  </ItemGroup>
  <ItemGroup>
    <ClInclude Include="..\RTSPServer\Common\MyList.h">
      <Filter>Common</Filter>
    </ClInclude>
    <ClInclude Include="..\RTSPServer\Common\NetAddress.h">
      <Filter>Common</Filter>
    </ClInclude>
    <ClInclude Include="..\Common\RTSPCommon.h">
      <Filter>Common</Filter>
    </ClInclude>
    <ClInclude Include="..\Common\RTSPCommonEnv.h">
      <Filter>Common</Filter>
    </ClInclude>
    <ClInclude Include="..\Util\Base64.hh">
      <Filter>Util</Filter>
    </ClInclude>
    <ClInclude Include="..\Util\our_md5.h">
      <Filter>Util</Filter>
    </ClInclude>
    <ClInclude Include="..\Util\util.h">
      <Filter>Util</Filter>
    </ClInclude>
    <ClInclude Include="..\Sock\MySock.h">
      <Filter>Sock</Filter>
    </ClInclude>
    <ClInclude Include="..\Sock\SockCommon.h">
      <Filter>Sock</Filter>
    </ClInclude>
    <ClInclude Include="..\Sock\TaskScheduler.h">
      <Filter>Sock</Filter>
    </ClInclude>
    <ClInclude Include="..\RTSPServer\RTSP\ClientSocket.h">
      <Filter>RTSP</Filter>
    </ClInclude>
    <ClInclude Include="..\RTSPServer\RTSP\LiveServerMediaSession.h">
      <Filter>RTSP</Filter>
    </ClInclude>
    <ClInclude Include="..\RTSPServer\RTSP\OnDemandServerMediaSession.h">
      <Filter>RTSP</Filter>
    </ClInclude>
    <ClInclude Include="..\RTSPServer\RTSP\RTSPServer.h">
      <Filter>RTSP</Filter>
    </ClInclude>
    <ClInclude Include="..\RTSPServer\RTSP\ServerMediaSession.h">
      <Filter>RTSP</Filter>
    </ClInclude>
    <ClInclude Include="..\OS_Common\NetCommon.h">
      <Filter>OS_Common</Filter>
    </ClInclude>
  </ItemGroup>
  <ItemGroup>
    <ClCompile Include="..\RTSPServer\Common\NetAddress.cpp">
      <Filter>Common</Filter>
    </ClCompile>
    <ClCompile Include="..\Common\RTSPCommon.cpp">
      <Filter>Common</Filter>
    </ClCompile>
    <ClCompile Include="..\Common\RTSPCommonEnv.cpp">
      <Filter>Common</Filter>
    </ClCompile>
    <ClCompile Include="..\Util\Base64.cpp">
      <Filter>Util</Filter>
    </ClCompile>
    <ClCompile Include="..\Util\our_md5.c">
      <Filter>Util</Filter>
    </ClCompile>
    <ClCompile Include="..\Util\our_md5hl.c">
      <Filter>Util</Filter>
    </ClCompile>
    <ClCompile Include="..\Util\util.cpp">
      <Filter>Util</Filter>
    </ClCompile>
    <ClCompile Include="..\Sock\MySock.cpp">
      <Filter>Sock</Filter>
    </ClCompile>
    <ClCompile Include="..\Sock\SockCommon.cpp">
      <Filter>Sock</Filter>
    </ClCompile>
    <ClCompile Include="..\Sock\TaskScheduler.cpp">
      <Filter>Sock</Filter>
    </ClCompile>
    <ClCompile Include="..\RTSPServer\RTSP\ClientSocket.cpp">
      <Filter>RTSP</Filter>
    </ClCompile>
    <ClCompile Include="..\RTSPServer\RTSP\LiveServerMediaSession.cpp">
      <Filter>RTSP</Filter>
    </ClCompile>
    <ClCompile Include="..\RTSPServer\RTSP\OnDemandServerMediaSession.cpp">
      <Filter>RTSP</Filter>
    </ClCompile>
    <ClCompile Include="..\RTSPServer\RTSP\RTSPServer.cpp">
      <Filter>RTSP</Filter>
    </ClCompile>
    <ClCompile Include="..\RTSPServer\RTSP\ServerMediaSession.cpp">
      <Filter>RTSP</Filter>
    </ClCompile>
  </ItemGroup>
</Project>